
Microsoft Visual Studio Solution File, Format Version 12.00
# Visual Studio 15
Project("{FAE04EC0-301F-11D3-BF4B-00C04F79EFBC}") = "VuforiaScripts", "VuforiaScripts.csproj", "{6F62BC46-03C4-3808-897A-C28D2DE06389}"
EndProject
Project("{FAE04EC0-301F-11D3-BF4B-00C04F79EFBC}") = "Assembly-CSharp", "Assembly-CSharp.csproj", "{A5BBEBAE-157F-5AA8-B76F-6532827FEEF8}"
EndProject
Project("{FAE04EC0-301F-11D3-BF4B-00C04F79EFBC}") = "VuforiaEditorScripts", "VuforiaEditorScripts.csproj", "{D424ED02-9464-F960-8B72-7C2FB0089E9B}"
EndProject
Global
	GlobalSection(SolutionConfigurationPlatforms) = preSolution
		Debug|Any CPU = Debug|Any CPU
		Release|Any CPU = Release|Any CPU
	EndGlobalSection
	GlobalSection(ProjectConfigurationPlatforms) = postSolution
		{6F62BC46-03C4-3808-897A-C28D2DE06389}.Debug|Any CPU.ActiveCfg = Debug|Any CPU
		{6F62BC46-03C4-3808-897A-C28D2DE06389}.Debug|Any CPU.Build.0 = Debug|Any CPU
		{6F62BC46-03C4-3808-897A-C28D2DE06389}.Release|Any CPU.ActiveCfg = Release|Any CPU
		{6F62BC46-03C4-3808-897A-C28D2DE06389}.Release|Any CPU.Build.0 = Release|Any CPU
		{A5BBEBAE-157F-5AA8-B76F-6532827FEEF8}.Debug|Any CPU.ActiveCfg = Debug|Any CPU
		{A5BBEBAE-157F-5AA8-B76F-6532827FEEF8}.Debug|Any CPU.Build.0 = Debug|Any CPU
		{A5BBEBAE-157F-5AA8-B76F-6532827FEEF8}.Release|Any CPU.ActiveCfg = Release|Any CPU
		{A5BBEBAE-157F-5AA8-B76F-6532827FEEF8}.Release|Any CPU.Build.0 = Release|Any CPU
		{D424ED02-9464-F960-8B72-7C2FB0089E9B}.Debug|Any CPU.ActiveCfg = Debug|Any CPU
		{D424ED02-9464-F960-8B72-7C2FB0089E9B}.Debug|Any CPU.Build.0 = Debug|Any CPU
		{D424ED02-9464-F960-8B72-7C2FB0089E9B}.Release|Any CPU.ActiveCfg = Release|Any CPU
		{D424ED02-9464-F960-8B72-7C2FB0089E9B}.Release|Any CPU.Build.0 = Release|Any CPU
	EndGlobalSection
	GlobalSection(SolutionProperties) = preSolution
		HideSolutionNode = FALSE
	EndGlobalSection
EndGlobal
